// !$*UTF8*$!
{
	archiveVersion = 1;
	classes = {
	};
	objectVersion = 48;
	objects = {

/* Begin PBXBuildFile section */
		264828021FA2EA25003C4BC0 /* AppDelegate.swift in Sources */ = {isa = PBXBuildFile; fileRef = 264828011FA2EA25003C4BC0 /* AppDelegate.swift */; };
		264828041FA2EA25003C4BC0 /* ViewController.swift in Sources */ = {isa = PBXBuildFile; fileRef = 264828031FA2EA25003C4BC0 /* ViewController.swift */; };
		264828071FA2EA25003C4BC0 /* Main.storyboard in Resources */ = {isa = PBXBuildFile; fileRef = 264828051FA2EA25003C4BC0 /* Main.storyboard */; };
		264828091FA2EA25003C4BC0 /* Assets.xcassets in Resources */ = {isa = PBXBuildFile; fileRef = 264828081FA2EA25003C4BC0 /* Assets.xcassets */; };
		2648280C1FA2EA25003C4BC0 /* LaunchScreen.storyboard in Resources */ = {isa = PBXBuildFile; fileRef = 2648280A1FA2EA25003C4BC0 /* LaunchScreen.storyboard */; };
/* End PBXBuildFile section */

/* Begin PBXFileReference section */
		264827FE1FA2EA25003C4BC0 /* Accelerometer.app */ = {isa = PBXFileReference; explicitFileType = wrapper.application; includeInIndex = 0; path = Accelerometer.app; sourceTree = BUILT_PRODUCTS_DIR; };
		264828011FA2EA25003C4BC0 /* AppDelegate.swift */ = {isa = PBXFileReference; lastKnownFileType = sourcecode.swift; path = AppDelegate.swift; sourceTree = "<group>"; };
		264828031FA2EA25003C4BC0 /* ViewController.swift */ = {isa = PBXFileReference; lastKnownFileType = sourcecode.swift; path = ViewController.swift; sourceTree = "<group>"; };
		264828061FA2EA25003C4BC0 /* Base */ = {isa = PBXFileReference; lastKnownFileType = file.storyboard; name = Base; path = Base.lproj/Main.storyboard; sourceTree = "<group>"; };
		264828081FA2EA25003C4BC0 /* Assets.xcassets */ = {isa = PBXFileReference; lastKnownFileType = folder.assetcatalog; path = Assets.xcassets; sourceTree = "<group>"; };
		2648280B1FA2EA25003C4BC0 /* Base */ = {isa = PBXFileReference; lastKnownFileType = file.storyboard; name = Base; path = Base.lproj/LaunchScreen.storyboard; sourceTree = "<group>"; };
		2648280D1FA2EA25003C4BC0 /* Info.plist */ = {isa = PBXFileReference; lastKnownFileType = text.plist.xml; path = Info.plist; sourceTree = "<group>"; };
/* End PBXFileReference section */

/* Begin PBXFrameworksBuildPhase section */
		264827FB1FA2EA25003C4BC0 /* Frameworks */ = {
			isa = PBXFrameworksBuildPhase;
			buildActionMask = 2147483647;
			files = (
			);
			runOnlyForDeploymentPostprocessing = 0;
		};
/* End PBXFrameworksBuildPhase section */

/* Begin PBXGroup section */
		264827F51FA2EA25003C4BC0 = {
			isa = PBXGroup;
			children = (
				264828001FA2EA25003C4BC0 /* Accelerometer */,
				264827FF1FA2EA25003C4BC0 /* Products */,
			);
			sourceTree = "<group>";
		};
		264827FF1FA2EA25003C4BC0 /* Products */ = {
			isa = PBXGroup;
			children = (
				264827FE1FA2EA25003C4BC0 /* Accelerometer.app */,
			);
			name = Products;
			sourceTree = "<group>";
		};
		264828001FA2EA25003C4BC0 /* Accelerometer */ = {
			isa = PBXGroup;
			children = (
				264828011FA2EA25003C4BC0 /* AppDelegate.swift */,
				264828031FA2EA25003C4BC0 /* ViewController.swift */,
				264828051FA2EA25003C4BC0 /* Main.storyboard */,
				264828081FA2EA25003C4BC0 /* Assets.xcassets */,
				2648280A1FA2EA25003C4BC0 /* LaunchScreen.storyboard */,
				2648280D1FA2EA25003C4BC0 /* Info.plist */,
			);
			path = Accelerometer;
			sourceTree = "<group>";
		};
/* End PBXGroup section */

/* Begin PBXNativeTarget section */
		264827FD1FA2EA25003C4BC0 /* Accelerometer */ = {
			isa = PBXNativeTarget;
			buildConfigurationList = 264828101FA2EA25003C4BC0 /* Build configuration list for PBXNativeTarget "Accelerometer" */;
			buildPhases = (
				264827FA1FA2EA25003C4BC0 /* Sources */,
				264827FB1FA2EA25003C4BC0 /* Frameworks */,
				264827FC1FA2EA25003C4BC0 /* Resources */,
			);
			buildRules = (
			);
			dependencies = (
			);
			name = Accelerometer;
			productName = Accelerometer;
			productReference = 264827FE1FA2EA25003C4BC0 /* Accelerometer.app */;
			productType = "com.apple.product-type.application";
		};
/* End PBXNativeTarget section */

/* Begin PBXProject section */
		264827F61FA2EA25003C4BC0 /* Project object */ = {
			isa = PBXProject;
			attributes = {
				LastSwiftUpdateCheck = 0900;
				LastUpgradeCheck = 0900;
				ORGANIZATIONNAME = tnantoka;
				TargetAttributes = {
					264827FD1FA2EA25003C4BC0 = {
						CreatedOnToolsVersion = 9.0;
						ProvisioningStyle = Automatic;
					};
				};
			};
			buildConfigurationList = 264827F91FA2EA25003C4BC0 /* Build configuration list for PBXProject "Accelerometer" */;
			compatibilityVersion = "Xcode 8.0";
			developmentRegion = en;
			hasScannedForEncodings = 0;
			knownRegions = (
				en,
				Base,
			);
			mainGroup = 264827F51FA2EA25003C4BC0;
			productRefGroup = 264827FF1FA2EA25003C4BC0 /* Products */;
			projectDirPath = "";
			projectRoot = "";
			targets = (
				264827FD1FA2EA25003C4BC0 /* Accelerometer */,
			);
		};
/* End PBXProject section */

/* Begin PBXResourcesBuildPhase section */
		264827FC1FA2EA25003C4BC0 /* Resources */ = {
			isa = PBXResourcesBuildPhase;
			buildActionMask = 2147483647;
			files = (
				2648280C1FA2EA25003C4BC0 /* LaunchScreen.storyboard in Resources */,
				264828091FA2EA25003C4BC0 /* Assets.xcassets in Resources */,
				264828071FA2EA25003C4BC0 /* Main.storyboard in Resources */,
			);
			runOnlyForDeploymentPostprocessing = 0;
		};
/* End PBXResourcesBuildPhase section */

/* Begin PBXSourcesBuildPhase section */
		264827FA1FA2EA25003C4BC0 /* Sources */ = {
			isa = PBXSourcesBuildPhase;
			buildActionMask = 2147483647;
			files = (
				264828041FA2EA25003C4BC0 /* ViewController.swift in Sources */,
				264828021FA2EA25003C4BC0 /* AppDelegate.swift in Sources */,
			);
			runOnlyForDeploymentPostprocessing = 0;
		};
/* End PBXSourcesBuildPhase section */

/* Begin PBXVariantGroup section */
		264828051FA2EA25003C4BC0 /* Main.storyboard */ = {
			isa = PBXVariantGroup;
			children = (
				264828061FA2EA25003C4BC0 /* Base */,
			);
			name = Main.storyboard;
			sourceTree = "<group>";
		};
		2648280A1FA2EA25003C4BC0 /* LaunchScreen.storyboard */ = {
			isa = PBXVariantGroup;
			children = (
				2648280B1FA2EA25003C4BC0 /* Base */,
			);
			name = LaunchScreen.storyboard;
			sourceTree = "<group>";
		};
/* End PBXVariantGroup section */

/* Begin XCBuildConfiguration section */
		2648280E1FA2EA25003C4BC0 /* Debug */ = {
			isa = XCBuildConfiguration;
			buildSettings = {
				ALWAYS_SEARCH_USER_PATHS = NO;
				CLANG_ANALYZER_NONNULL = YES;
				CLANG_ANALYZER_NUMBER_OBJECT_CONVERSION = YES_AGGRESSIVE;
				CLANG_CXX_LANGUAGE_STANDARD = "gnu++14";
				CLANG_CXX_LIBRARY = "libc++";
				CLANG_ENABLE_MODULES = YES;
				CLANG_ENABLE_OBJC_ARC = YES;
				CLANG_WARN_BLOCK_CAPTURE_AUTORELEASING = YES;
				CLANG_WARN_BOOL_CONVERSION = YES;
				CLANG_WARN_COMMA = YES;
				CLANG_WARN_CONSTANT_CONVERSION = YES;
				CLANG_WARN_DIRECT_OBJC_ISA_USAGE = YES_ERROR;
				CLANG_WARN_DOCUMENTATION_COMMENTS = YES;
				CLANG_WARN_EMPTY_BODY = YES;
				CLANG_WARN_ENUM_CONVERSION = YES;
				CLANG_WARN_INFINITE_RECURSION = YES;
				CLANG_WARN_INT_CONVERSION = YES;
				CLANG_WARN_NON_LITERAL_NULL_CONVERSION = YES;
				CLANG_WARN_OBJC_LITERAL_CONVERSION = YES;
				CLANG_WARN_OBJC_ROOT_CLASS = YES_ERROR;
				CLANG_WARN_RANGE_LOOP_ANALYSIS = YES;
				CLANG_WARN_STRICT_PROTOTYPES = YES;
				CLANG_WARN_SUSPICIOUS_MOVE = YES;
				CLANG_WARN_UNGUARDED_AVAILABILITY = YES_AGGRESSIVE;
				CLANG_WARN_UNREACHABLE_CODE = YES;
				CLANG_WARN__DUPLICATE_METHOD_MATCH = YES;
				CODE_SIGN_IDENTITY = "iPhone Developer";
				COPY_PHASE_STRIP = NO;
				DEBUG_INFORMATION_FORMAT = dwarf;
				ENABLE_STRICT_OBJC_MSGSEND = YES;
				ENABLE_TESTABILITY = YES;
				GCC_C_LANGUAGE_STANDARD = gnu11;
				GCC_DYNAMIC_NO_PIC = NO;
				GCC_NO_COMMON_BLOCKS = YES;
				GCC_OPTIMIZATION_LEVEL = 0;
				GCC_PREPROCESSOR_DEFINITIONS = (
					"DEBUG=1",
					"$(inherited)",
				);
				GCC_WARN_64_TO_32_BIT_CONVERSION = YES;
				GCC_WARN_ABOUT_RETURN_TYPE = YES_ERROR;
				GCC_WARN_UNDECLARED_SELECTOR = YES;
				GCC_WARN_UNINITIALIZED_AUTOS = YES_AGGRESSIVE;
				GCC_WARN_UNUSED_FUNCTION = YES;
				GCC_WARN_UNUSED_VARIABLE = YES;
				IPHONEOS_DEPLOYMENT_TARGET = 11.0;
				MTL_ENABLE_DEBUG_INFO = YES;
				ONLY_ACTIVE_ARCH = YES;
				SDKROOT = iphoneos;
				SWIFT_ACTIVE_COMPILATION_CONDITIONS = DEBUG;
				SWIFT_OPTIMIZATION_LEVEL = "-Onone";
			};
			name = Debug;
		};
		2648280F1FA2EA25003C4BC0 /* Release */ = {
			isa = XCBuildConfiguration;
			buildSettings = {
				ALWAYS_SEARCH_USER_PATHS = NO;
				CLANG_ANALYZER_NONNULL = YES;
				CLANG_ANALYZER_NUMBER_OBJECT_CONVERSION = YES_AGGRESSIVE;
				CLANG_CXX_LANGUAGE_STANDARD = "gnu++14";
				CLANG_CXX_LIBRARY = "libc++";
				CLANG_ENABLE_MODULES = YES;
				CLANG_ENABLE_OBJC_ARC = YES;
				CLANG_WARN_BLOCK_CAPTURE_AUTORELEASING = YES;
				CLANG_WARN_BOOL_CONVERSION = YES;
				CLANG_WARN_COMMA = YES;
				CLANG_WARN_CONSTANT_CONVERSION = YES;
				CLANG_WARN_DIRECT_OBJC_ISA_USAGE = YES_ERROR;
				CLANG_WARN_DOCUMENTATION_COMMENTS = YES;
				CLANG_WARN_EMPTY_BODY = YES;
				CLANG_WARN_ENUM_CONVERSION = YES;
				CLANG_WARN_INFINITE_RECURSION = YES;
				CLANG_WARN_INT_CONVERSION = YES;
				CLANG_WARN_NON_LITERAL_NULL_CONVERSION = YES;
				CLANG_WARN_OBJC_LITERAL_CONVERSION = YES;
				CLANG_WARN_OBJC_ROOT_CLASS = YES_ERROR;
				CLANG_WARN_RANGE_LOOP_ANALYSIS = YES;
				CLANG_WARN_STRICT_PROTOTYPES = YES;
				CLANG_WARN_SUSPICIOUS_MOVE = YES;
				CLANG_WARN_UNGUARDED_AVAILABILITY = YES_AGGRESSIVE;
				CLANG_WARN_UNREACHABLE_CODE = YES;
				CLANG_WARN__DUPLICATE_METHOD_MATCH = YES;
				CODE_SIGN_IDENTITY = "iPhone Developer";
				COPY_PHASE_STRIP = NO;
				DEBUG_INFORMATION_FORMAT = "dwarf-with-dsym";
				ENABLE_NS_ASSERTIONS = NO;
				ENABLE_STRICT_OBJC_MSGSEND = YES;
				GCC_C_LANGUAGE_STANDARD = gnu11;
				GCC_NO_COMMON_BLOCKS = YES;
				GCC_WARN_64_TO_32_BIT_CONVERSION = YES;
				GCC_WARN_ABOUT_RETURN_TYPE = YES_ERROR;
				GCC_WARN_UNDECLARED_SELECTOR = YES;
				GCC_WARN_UNINITIALIZED_AUTOS = YES_AGGRESSIVE;
				GCC_WARN_UNUSED_FUNCTION = YES;
				GCC_WARN_UNUSED_VARIABLE = YES;
				IPHONEOS_DEPLOYMENT_TARGET = 11.0;
				MTL_ENABLE_DEBUG_INFO = NO;
				SDKROOT = iphoneos;
				SWIFT_OPTIMIZATION_LEVEL = "-Owholemodule";
				VALIDATE_PRODUCT = YES;
			};
			name = Release;
		};
		264828111FA2EA25003C4BC0 /* Debug */ = {
			isa = XCBuildConfiguration;
			buildSettings = {
				ASSETCATALOG_COMPILER_APPICON_NAME = AppIcon;
				CODE_SIGN_STYLE = Automatic;
				DEVELOPMENT_TEAM = H4Z42X3L6X;
				INFOPLIST_FILE = Accelerometer/Info.plist;
				LD_RUNPATH_SEARCH_PATHS = "$(inherited) @executable_path/Frameworks";
				PRODUCT_BUNDLE_IDENTIFIER = com.tnantoka.Accelerometer;
				PRODUCT_NAME = "$(TARGET_NAME)";
				SWIFT_VERSION = 4.0;
				TARGETED_DEVICE_FAMILY = "1,2";
			};
			name = Debug;
		};
		264828121FA2EA25003C4BC0 /* Release */ = {
			isa = XCBuildConfiguration;
			buildSettings = {
				ASSETCATALOG_COMPILER_APPICON_NAME = AppIcon;
				CODE_SIGN_STYLE = Automatic;
				DEVELOPMENT_TEAM = H4Z42X3L6X;
				INFOPLIST_FILE = Accelerometer/Info.plist;
				LD_RUNPATH_SEARCH_PATHS = "$(inherited) @executable_path/Frameworks";
				PRODUCT_BUNDLE_IDENTIFIER = com.tnantoka.Accelerometer;
				PRODUCT_NAME = "$(TARGET_NAME)";
				SWIFT_VERSION = 4.0;
				TARGETED_DEVICE_FAMILY = "1,2";
			};
			name = Release;
		};
/* End XCBuildConfiguration section */

/* Begin XCConfigurationList section */
		264827F91FA2EA25003C4BC0 /* Build configuration list for PBXProject "Accelerometer" */ = {
			isa = XCConfigurationList;
			buildConfigurations = (
				2648280E1FA2EA25003C4BC0 /* Debug */,
				2648280F1FA2EA25003C4BC0 /* Release */,
			);
			defaultConfigurationIsVisible = 0;
			defaultConfigurationName = Release;
		};
		264828101FA2EA25003C4BC0 /* Build configuration list for PBXNativeTarget "Accelerometer" */ = {
			isa = XCConfigurationList;
			buildConfigurations = (
				264828111FA2EA25003C4BC0 /* Debug */,
				264828121FA2EA25003C4BC0 /* Release */,
			);
			defaultConfigurationIsVisible = 0;
			defaultConfigurationName = Release;
		};
/* End XCConfigurationList section */
	};
	rootObject = 264827F61FA2EA25003C4BC0 /* Project object */;
}
