// !$*UTF8*$!
{
	archiveVersion = 1;
	classes = {
	};
	objectVersion = 48;
	objects = {

/* Begin PBXBuildFile section */
		26CD08D01F985AFE0055C837 /* AppDelegate.swift in Sources */ = {isa = PBXBuildFile; fileRef = 26CD08CF1F985AFE0055C837 /* AppDelegate.swift */; };
		26CD08D21F985AFE0055C837 /* MasterViewController.swift in Sources */ = {isa = PBXBuildFile; fileRef = 26CD08D11F985AFE0055C837 /* MasterViewController.swift */; };
		26CD08D41F985AFE0055C837 /* DetailViewController.swift in Sources */ = {isa = PBXBuildFile; fileRef = 26CD08D31F985AFE0055C837 /* DetailViewController.swift */; };
		26CD08D71F985AFE0055C837 /* Main.storyboard in Resources */ = {isa = PBXBuildFile; fileRef = 26CD08D51F985AFE0055C837 /* Main.storyboard */; };
		26CD08D91F985AFE0055C837 /* Assets.xcassets in Resources */ = {isa = PBXBuildFile; fileRef = 26CD08D81F985AFE0055C837 /* Assets.xcassets */; };
		26CD08DC1F985AFE0055C837 /* LaunchScreen.storyboard in Resources */ = {isa = PBXBuildFile; fileRef = 26CD08DA1F985AFE0055C837 /* LaunchScreen.storyboard */; };
/* End PBXBuildFile section */

/* Begin PBXFileReference section */
		26CD08CC1F985AFE0055C837 /* MasterDetailExample.app */ = {isa = PBXFileReference; explicitFileType = wrapper.application; includeInIndex = 0; path = MasterDetailExample.app; sourceTree = BUILT_PRODUCTS_DIR; };
		26CD08CF1F985AFE0055C837 /* AppDelegate.swift */ = {isa = PBXFileReference; lastKnownFileType = sourcecode.swift; path = AppDelegate.swift; sourceTree = "<group>"; };
		26CD08D11F985AFE0055C837 /* MasterViewController.swift */ = {isa = PBXFileReference; lastKnownFileType = sourcecode.swift; path = MasterViewController.swift; sourceTree = "<group>"; };
		26CD08D31F985AFE0055C837 /* DetailViewController.swift */ = {isa = PBXFileReference; lastKnownFileType = sourcecode.swift; path = DetailViewController.swift; sourceTree = "<group>"; };
		26CD08D61F985AFE0055C837 /* Base */ = {isa = PBXFileReference; lastKnownFileType = file.storyboard; name = Base; path = Base.lproj/Main.storyboard; sourceTree = "<group>"; };
		26CD08D81F985AFE0055C837 /* Assets.xcassets */ = {isa = PBXFileReference; lastKnownFileType = folder.assetcatalog; path = Assets.xcassets; sourceTree = "<group>"; };
		26CD08DB1F985AFE0055C837 /* Base */ = {isa = PBXFileReference; lastKnownFileType = file.storyboard; name = Base; path = Base.lproj/LaunchScreen.storyboard; sourceTree = "<group>"; };
		26CD08DD1F985AFE0055C837 /* Info.plist */ = {isa = PBXFileReference; lastKnownFileType = text.plist.xml; path = Info.plist; sourceTree = "<group>"; };
/* End PBXFileReference section */

/* Begin PBXFrameworksBuildPhase section */
		26CD08C91F985AFE0055C837 /* Frameworks */ = {
			isa = PBXFrameworksBuildPhase;
			buildActionMask = 2147483647;
			files = (
			);
			runOnlyForDeploymentPostprocessing = 0;
		};
/* End PBXFrameworksBuildPhase section */

/* Begin PBXGroup section */
		26CD08C31F985AFE0055C837 = {
			isa = PBXGroup;
			children = (
				26CD08CE1F985AFE0055C837 /* MasterDetailExample */,
				26CD08CD1F985AFE0055C837 /* Products */,
			);
			sourceTree = "<group>";
		};
		26CD08CD1F985AFE0055C837 /* Products */ = {
			isa = PBXGroup;
			children = (
				26CD08CC1F985AFE0055C837 /* MasterDetailExample.app */,
			);
			name = Products;
			sourceTree = "<group>";
		};
		26CD08CE1F985AFE0055C837 /* MasterDetailExample */ = {
			isa = PBXGroup;
			children = (
				26CD08CF1F985AFE0055C837 /* AppDelegate.swift */,
				26CD08D11F985AFE0055C837 /* MasterViewController.swift */,
				26CD08D31F985AFE0055C837 /* DetailViewController.swift */,
				26CD08D51F985AFE0055C837 /* Main.storyboard */,
				26CD08D81F985AFE0055C837 /* Assets.xcassets */,
				26CD08DA1F985AFE0055C837 /* LaunchScreen.storyboard */,
				26CD08DD1F985AFE0055C837 /* Info.plist */,
			);
			path = MasterDetailExample;
			sourceTree = "<group>";
		};
/* End PBXGroup section */

/* Begin PBXNativeTarget section */
		26CD08CB1F985AFE0055C837 /* MasterDetailExample */ = {
			isa = PBXNativeTarget;
			buildConfigurationList = 26CD08E01F985AFE0055C837 /* Build configuration list for PBXNativeTarget "MasterDetailExample" */;
			buildPhases = (
				26CD08C81F985AFE0055C837 /* Sources */,
				26CD08C91F985AFE0055C837 /* Frameworks */,
				26CD08CA1F985AFE0055C837 /* Resources */,
			);
			buildRules = (
			);
			dependencies = (
			);
			name = MasterDetailExample;
			productName = MasterDetailExample;
			productReference = 26CD08CC1F985AFE0055C837 /* MasterDetailExample.app */;
			productType = "com.apple.product-type.application";
		};
/* End PBXNativeTarget section */

/* Begin PBXProject section */
		26CD08C41F985AFE0055C837 /* Project object */ = {
			isa = PBXProject;
			attributes = {
				LastSwiftUpdateCheck = 0900;
				LastUpgradeCheck = 0900;
				ORGANIZATIONNAME = tnantoka;
				TargetAttributes = {
					26CD08CB1F985AFE0055C837 = {
						CreatedOnToolsVersion = 9.0;
						ProvisioningStyle = Automatic;
					};
				};
			};
			buildConfigurationList = 26CD08C71F985AFE0055C837 /* Build configuration list for PBXProject "MasterDetailExample" */;
			compatibilityVersion = "Xcode 8.0";
			developmentRegion = en;
			hasScannedForEncodings = 0;
			knownRegions = (
				en,
				Base,
			);
			mainGroup = 26CD08C31F985AFE0055C837;
			productRefGroup = 26CD08CD1F985AFE0055C837 /* Products */;
			projectDirPath = "";
			projectRoot = "";
			targets = (
				26CD08CB1F985AFE0055C837 /* MasterDetailExample */,
			);
		};
/* End PBXProject section */

/* Begin PBXResourcesBuildPhase section */
		26CD08CA1F985AFE0055C837 /* Resources */ = {
			isa = PBXResourcesBuildPhase;
			buildActionMask = 2147483647;
			files = (
				26CD08DC1F985AFE0055C837 /* LaunchScreen.storyboard in Resources */,
				26CD08D91F985AFE0055C837 /* Assets.xcassets in Resources */,
				26CD08D71F985AFE0055C837 /* Main.storyboard in Resources */,
			);
			runOnlyForDeploymentPostprocessing = 0;
		};
/* End PBXResourcesBuildPhase section */

/* Begin PBXSourcesBuildPhase section */
		26CD08C81F985AFE0055C837 /* Sources */ = {
			isa = PBXSourcesBuildPhase;
			buildActionMask = 2147483647;
			files = (
				26CD08D41F985AFE0055C837 /* DetailViewController.swift in Sources */,
				26CD08D21F985AFE0055C837 /* MasterViewController.swift in Sources */,
				26CD08D01F985AFE0055C837 /* AppDelegate.swift in Sources */,
			);
			runOnlyForDeploymentPostprocessing = 0;
		};
/* End PBXSourcesBuildPhase section */

/* Begin PBXVariantGroup section */
		26CD08D51F985AFE0055C837 /* Main.storyboard */ = {
			isa = PBXVariantGroup;
			children = (
				26CD08D61F985AFE0055C837 /* Base */,
			);
			name = Main.storyboard;
			sourceTree = "<group>";
		};
		26CD08DA1F985AFE0055C837 /* LaunchScreen.storyboard */ = {
			isa = PBXVariantGroup;
			children = (
				26CD08DB1F985AFE0055C837 /* Base */,
			);
			name = LaunchScreen.storyboard;
			sourceTree = "<group>";
		};
/* End PBXVariantGroup section */

/* Begin XCBuildConfiguration section */
		26CD08DE1F985AFE0055C837 /* Debug */ = {
			isa = XCBuildConfiguration;
			buildSettings = {
				ALWAYS_SEARCH_USER_PATHS = NO;
				CLANG_ANALYZER_NONNULL = YES;
				CLANG_ANALYZER_NUMBER_OBJECT_CONVERSION = YES_AGGRESSIVE;
				CLANG_CXX_LANGUAGE_STANDARD = "gnu++14";
				CLANG_CXX_LIBRARY = "libc++";
				CLANG_ENABLE_MODULES = YES;
				CLANG_ENABLE_OBJC_ARC = YES;
				CLANG_WARN_BLOCK_CAPTURE_AUTORELEASING = YES;
				CLANG_WARN_BOOL_CONVERSION = YES;
				CLANG_WARN_COMMA = YES;
				CLANG_WARN_CONSTANT_CONVERSION = YES;
				CLANG_WARN_DIRECT_OBJC_ISA_USAGE = YES_ERROR;
				CLANG_WARN_DOCUMENTATION_COMMENTS = YES;
				CLANG_WARN_EMPTY_BODY = YES;
				CLANG_WARN_ENUM_CONVERSION = YES;
				CLANG_WARN_INFINITE_RECURSION = YES;
				CLANG_WARN_INT_CONVERSION = YES;
				CLANG_WARN_NON_LITERAL_NULL_CONVERSION = YES;
				CLANG_WARN_OBJC_LITERAL_CONVERSION = YES;
				CLANG_WARN_OBJC_ROOT_CLASS = YES_ERROR;
				CLANG_WARN_RANGE_LOOP_ANALYSIS = YES;
				CLANG_WARN_STRICT_PROTOTYPES = YES;
				CLANG_WARN_SUSPICIOUS_MOVE = YES;
				CLANG_WARN_UNGUARDED_AVAILABILITY = YES_AGGRESSIVE;
				CLANG_WARN_UNREACHABLE_CODE = YES;
				CLANG_WARN__DUPLICATE_METHOD_MATCH = YES;
				CODE_SIGN_IDENTITY = "iPhone Developer";
				COPY_PHASE_STRIP = NO;
				DEBUG_INFORMATION_FORMAT = dwarf;
				ENABLE_STRICT_OBJC_MSGSEND = YES;
				ENABLE_TESTABILITY = YES;
				GCC_C_LANGUAGE_STANDARD = gnu11;
				GCC_DYNAMIC_NO_PIC = NO;
				GCC_NO_COMMON_BLOCKS = YES;
				GCC_OPTIMIZATION_LEVEL = 0;
				GCC_PREPROCESSOR_DEFINITIONS = (
					"DEBUG=1",
					"$(inherited)",
				);
				GCC_WARN_64_TO_32_BIT_CONVERSION = YES;
				GCC_WARN_ABOUT_RETURN_TYPE = YES_ERROR;
				GCC_WARN_UNDECLARED_SELECTOR = YES;
				GCC_WARN_UNINITIALIZED_AUTOS = YES_AGGRESSIVE;
				GCC_WARN_UNUSED_FUNCTION = YES;
				GCC_WARN_UNUSED_VARIABLE = YES;
				IPHONEOS_DEPLOYMENT_TARGET = 11.0;
				MTL_ENABLE_DEBUG_INFO = YES;
				ONLY_ACTIVE_ARCH = YES;
				SDKROOT = iphoneos;
				SWIFT_ACTIVE_COMPILATION_CONDITIONS = DEBUG;
				SWIFT_OPTIMIZATION_LEVEL = "-Onone";
			};
			name = Debug;
		};
		26CD08DF1F985AFE0055C837 /* Release */ = {
			isa = XCBuildConfiguration;
			buildSettings = {
				ALWAYS_SEARCH_USER_PATHS = NO;
				CLANG_ANALYZER_NONNULL = YES;
				CLANG_ANALYZER_NUMBER_OBJECT_CONVERSION = YES_AGGRESSIVE;
				CLANG_CXX_LANGUAGE_STANDARD = "gnu++14";
				CLANG_CXX_LIBRARY = "libc++";
				CLANG_ENABLE_MODULES = YES;
				CLANG_ENABLE_OBJC_ARC = YES;
				CLANG_WARN_BLOCK_CAPTURE_AUTORELEASING = YES;
				CLANG_WARN_BOOL_CONVERSION = YES;
				CLANG_WARN_COMMA = YES;
				CLANG_WARN_CONSTANT_CONVERSION = YES;
				CLANG_WARN_DIRECT_OBJC_ISA_USAGE = YES_ERROR;
				CLANG_WARN_DOCUMENTATION_COMMENTS = YES;
				CLANG_WARN_EMPTY_BODY = YES;
				CLANG_WARN_ENUM_CONVERSION = YES;
				CLANG_WARN_INFINITE_RECURSION = YES;
				CLANG_WARN_INT_CONVERSION = YES;
				CLANG_WARN_NON_LITERAL_NULL_CONVERSION = YES;
				CLANG_WARN_OBJC_LITERAL_CONVERSION = YES;
				CLANG_WARN_OBJC_ROOT_CLASS = YES_ERROR;
				CLANG_WARN_RANGE_LOOP_ANALYSIS = YES;
				CLANG_WARN_STRICT_PROTOTYPES = YES;
				CLANG_WARN_SUSPICIOUS_MOVE = YES;
				CLANG_WARN_UNGUARDED_AVAILABILITY = YES_AGGRESSIVE;
				CLANG_WARN_UNREACHABLE_CODE = YES;
				CLANG_WARN__DUPLICATE_METHOD_MATCH = YES;
				CODE_SIGN_IDENTITY = "iPhone Developer";
				COPY_PHASE_STRIP = NO;
				DEBUG_INFORMATION_FORMAT = "dwarf-with-dsym";
				ENABLE_NS_ASSERTIONS = NO;
				ENABLE_STRICT_OBJC_MSGSEND = YES;
				GCC_C_LANGUAGE_STANDARD = gnu11;
				GCC_NO_COMMON_BLOCKS = YES;
				GCC_WARN_64_TO_32_BIT_CONVERSION = YES;
				GCC_WARN_ABOUT_RETURN_TYPE = YES_ERROR;
				GCC_WARN_UNDECLARED_SELECTOR = YES;
				GCC_WARN_UNINITIALIZED_AUTOS = YES_AGGRESSIVE;
				GCC_WARN_UNUSED_FUNCTION = YES;
				GCC_WARN_UNUSED_VARIABLE = YES;
				IPHONEOS_DEPLOYMENT_TARGET = 11.0;
				MTL_ENABLE_DEBUG_INFO = NO;
				SDKROOT = iphoneos;
				SWIFT_OPTIMIZATION_LEVEL = "-Owholemodule";
				VALIDATE_PRODUCT = YES;
			};
			name = Release;
		};
		26CD08E11F985AFE0055C837 /* Debug */ = {
			isa = XCBuildConfiguration;
			buildSettings = {
				ASSETCATALOG_COMPILER_APPICON_NAME = AppIcon;
				CODE_SIGN_STYLE = Automatic;
				INFOPLIST_FILE = MasterDetailExample/Info.plist;
				LD_RUNPATH_SEARCH_PATHS = "$(inherited) @executable_path/Frameworks";
				PRODUCT_BUNDLE_IDENTIFIER = com.tnantoka.MasterDetailExample;
				PRODUCT_NAME = "$(TARGET_NAME)";
				SWIFT_VERSION = 4.0;
				TARGETED_DEVICE_FAMILY = "1,2";
			};
			name = Debug;
		};
		26CD08E21F985AFE0055C837 /* Release */ = {
			isa = XCBuildConfiguration;
			buildSettings = {
				ASSETCATALOG_COMPILER_APPICON_NAME = AppIcon;
				CODE_SIGN_STYLE = Automatic;
				INFOPLIST_FILE = MasterDetailExample/Info.plist;
				LD_RUNPATH_SEARCH_PATHS = "$(inherited) @executable_path/Frameworks";
				PRODUCT_BUNDLE_IDENTIFIER = com.tnantoka.MasterDetailExample;
				PRODUCT_NAME = "$(TARGET_NAME)";
				SWIFT_VERSION = 4.0;
				TARGETED_DEVICE_FAMILY = "1,2";
			};
			name = Release;
		};
/* End XCBuildConfiguration section */

/* Begin XCConfigurationList section */
		26CD08C71F985AFE0055C837 /* Build configuration list for PBXProject "MasterDetailExample" */ = {
			isa = XCConfigurationList;
			buildConfigurations = (
				26CD08DE1F985AFE0055C837 /* Debug */,
				26CD08DF1F985AFE0055C837 /* Release */,
			);
			defaultConfigurationIsVisible = 0;
			defaultConfigurationName = Release;
		};
		26CD08E01F985AFE0055C837 /* Build configuration list for PBXNativeTarget "MasterDetailExample" */ = {
			isa = XCConfigurationList;
			buildConfigurations = (
				26CD08E11F985AFE0055C837 /* Debug */,
				26CD08E21F985AFE0055C837 /* Release */,
			);
			defaultConfigurationIsVisible = 0;
			defaultConfigurationName = Release;
		};
/* End XCConfigurationList section */
	};
	rootObject = 26CD08C41F985AFE0055C837 /* Project object */;
}
