// !$*UTF8*$!
{
	archiveVersion = 1;
	classes = {
	};
	objectVersion = 48;
	objects = {

/* Begin PBXBuildFile section */
		26A597401F93183D00E42EC5 /* AppDelegate.swift in Sources */ = {isa = PBXBuildFile; fileRef = 26A5973F1F93183D00E42EC5 /* AppDelegate.swift */; };
		26A597421F93183D00E42EC5 /* ViewController.swift in Sources */ = {isa = PBXBuildFile; fileRef = 26A597411F93183D00E42EC5 /* ViewController.swift */; };
		26A597451F93183D00E42EC5 /* Main.storyboard in Resources */ = {isa = PBXBuildFile; fileRef = 26A597431F93183D00E42EC5 /* Main.storyboard */; };
		26A597471F93183D00E42EC5 /* Assets.xcassets in Resources */ = {isa = PBXBuildFile; fileRef = 26A597461F93183D00E42EC5 /* Assets.xcassets */; };
		26A5974A1F93183D00E42EC5 /* LaunchScreen.storyboard in Resources */ = {isa = PBXBuildFile; fileRef = 26A597481F93183D00E42EC5 /* LaunchScreen.storyboard */; };
		26A597521F93184500E42EC5 /* Cartfile in Resources */ = {isa = PBXBuildFile; fileRef = 26A597511F93184500E42EC5 /* Cartfile */; };
		26A597561F931ACE00E42EC5 /* RealmSwift.framework in Frameworks */ = {isa = PBXBuildFile; fileRef = 26A597541F931ACE00E42EC5 /* RealmSwift.framework */; };
		26A597571F931ACE00E42EC5 /* Realm.framework in Frameworks */ = {isa = PBXBuildFile; fileRef = 26A597551F931ACE00E42EC5 /* Realm.framework */; };
		26A5975A1F931BE700E42EC5 /* Person.swift in Sources */ = {isa = PBXBuildFile; fileRef = 26A597591F931BE700E42EC5 /* Person.swift */; };
/* End PBXBuildFile section */

/* Begin PBXFileReference section */
		26A5973C1F93183D00E42EC5 /* RealmExample.app */ = {isa = PBXFileReference; explicitFileType = wrapper.application; includeInIndex = 0; path = RealmExample.app; sourceTree = BUILT_PRODUCTS_DIR; };
		26A5973F1F93183D00E42EC5 /* AppDelegate.swift */ = {isa = PBXFileReference; lastKnownFileType = sourcecode.swift; path = AppDelegate.swift; sourceTree = "<group>"; };
		26A597411F93183D00E42EC5 /* ViewController.swift */ = {isa = PBXFileReference; lastKnownFileType = sourcecode.swift; path = ViewController.swift; sourceTree = "<group>"; };
		26A597441F93183D00E42EC5 /* Base */ = {isa = PBXFileReference; lastKnownFileType = file.storyboard; name = Base; path = Base.lproj/Main.storyboard; sourceTree = "<group>"; };
		26A597461F93183D00E42EC5 /* Assets.xcassets */ = {isa = PBXFileReference; lastKnownFileType = folder.assetcatalog; path = Assets.xcassets; sourceTree = "<group>"; };
		26A597491F93183D00E42EC5 /* Base */ = {isa = PBXFileReference; lastKnownFileType = file.storyboard; name = Base; path = Base.lproj/LaunchScreen.storyboard; sourceTree = "<group>"; };
		26A5974B1F93183D00E42EC5 /* Info.plist */ = {isa = PBXFileReference; lastKnownFileType = text.plist.xml; path = Info.plist; sourceTree = "<group>"; };
		26A597511F93184500E42EC5 /* Cartfile */ = {isa = PBXFileReference; lastKnownFileType = text; path = Cartfile; sourceTree = "<group>"; };
		26A597541F931ACE00E42EC5 /* RealmSwift.framework */ = {isa = PBXFileReference; lastKnownFileType = wrapper.framework; name = RealmSwift.framework; path = Carthage/Build/iOS/RealmSwift.framework; sourceTree = "<group>"; };
		26A597551F931ACE00E42EC5 /* Realm.framework */ = {isa = PBXFileReference; lastKnownFileType = wrapper.framework; name = Realm.framework; path = Carthage/Build/iOS/Realm.framework; sourceTree = "<group>"; };
		26A597591F931BE700E42EC5 /* Person.swift */ = {isa = PBXFileReference; lastKnownFileType = sourcecode.swift; path = Person.swift; sourceTree = "<group>"; };
/* End PBXFileReference section */

/* Begin PBXFrameworksBuildPhase section */
		26A597391F93183D00E42EC5 /* Frameworks */ = {
			isa = PBXFrameworksBuildPhase;
			buildActionMask = 2147483647;
			files = (
				26A597561F931ACE00E42EC5 /* RealmSwift.framework in Frameworks */,
				26A597571F931ACE00E42EC5 /* Realm.framework in Frameworks */,
			);
			runOnlyForDeploymentPostprocessing = 0;
		};
/* End PBXFrameworksBuildPhase section */

/* Begin PBXGroup section */
		26A597331F93183D00E42EC5 = {
			isa = PBXGroup;
			children = (
				26A597511F93184500E42EC5 /* Cartfile */,
				26A5973E1F93183D00E42EC5 /* RealmExample */,
				26A5973D1F93183D00E42EC5 /* Products */,
				26A597531F931ACE00E42EC5 /* Frameworks */,
			);
			sourceTree = "<group>";
		};
		26A5973D1F93183D00E42EC5 /* Products */ = {
			isa = PBXGroup;
			children = (
				26A5973C1F93183D00E42EC5 /* RealmExample.app */,
			);
			name = Products;
			sourceTree = "<group>";
		};
		26A5973E1F93183D00E42EC5 /* RealmExample */ = {
			isa = PBXGroup;
			children = (
				26A5973F1F93183D00E42EC5 /* AppDelegate.swift */,
				26A597411F93183D00E42EC5 /* ViewController.swift */,
				26A597431F93183D00E42EC5 /* Main.storyboard */,
				26A597461F93183D00E42EC5 /* Assets.xcassets */,
				26A597481F93183D00E42EC5 /* LaunchScreen.storyboard */,
				26A5974B1F93183D00E42EC5 /* Info.plist */,
				26A597591F931BE700E42EC5 /* Person.swift */,
			);
			path = RealmExample;
			sourceTree = "<group>";
		};
		26A597531F931ACE00E42EC5 /* Frameworks */ = {
			isa = PBXGroup;
			children = (
				26A597551F931ACE00E42EC5 /* Realm.framework */,
				26A597541F931ACE00E42EC5 /* RealmSwift.framework */,
			);
			name = Frameworks;
			sourceTree = "<group>";
		};
/* End PBXGroup section */

/* Begin PBXNativeTarget section */
		26A5973B1F93183D00E42EC5 /* RealmExample */ = {
			isa = PBXNativeTarget;
			buildConfigurationList = 26A5974E1F93183D00E42EC5 /* Build configuration list for PBXNativeTarget "RealmExample" */;
			buildPhases = (
				26A597381F93183D00E42EC5 /* Sources */,
				26A597391F93183D00E42EC5 /* Frameworks */,
				26A5973A1F93183D00E42EC5 /* Resources */,
				26A597581F931ADC00E42EC5 /* ShellScript */,
			);
			buildRules = (
			);
			dependencies = (
			);
			name = RealmExample;
			productName = RealmExample;
			productReference = 26A5973C1F93183D00E42EC5 /* RealmExample.app */;
			productType = "com.apple.product-type.application";
		};
/* End PBXNativeTarget section */

/* Begin PBXProject section */
		26A597341F93183D00E42EC5 /* Project object */ = {
			isa = PBXProject;
			attributes = {
				LastSwiftUpdateCheck = 0900;
				LastUpgradeCheck = 0900;
				ORGANIZATIONNAME = tnantoka;
				TargetAttributes = {
					26A5973B1F93183D00E42EC5 = {
						CreatedOnToolsVersion = 9.0;
						ProvisioningStyle = Automatic;
					};
				};
			};
			buildConfigurationList = 26A597371F93183D00E42EC5 /* Build configuration list for PBXProject "RealmExample" */;
			compatibilityVersion = "Xcode 8.0";
			developmentRegion = en;
			hasScannedForEncodings = 0;
			knownRegions = (
				en,
				Base,
			);
			mainGroup = 26A597331F93183D00E42EC5;
			productRefGroup = 26A5973D1F93183D00E42EC5 /* Products */;
			projectDirPath = "";
			projectRoot = "";
			targets = (
				26A5973B1F93183D00E42EC5 /* RealmExample */,
			);
		};
/* End PBXProject section */

/* Begin PBXResourcesBuildPhase section */
		26A5973A1F93183D00E42EC5 /* Resources */ = {
			isa = PBXResourcesBuildPhase;
			buildActionMask = 2147483647;
			files = (
				26A5974A1F93183D00E42EC5 /* LaunchScreen.storyboard in Resources */,
				26A597471F93183D00E42EC5 /* Assets.xcassets in Resources */,
				26A597521F93184500E42EC5 /* Cartfile in Resources */,
				26A597451F93183D00E42EC5 /* Main.storyboard in Resources */,
			);
			runOnlyForDeploymentPostprocessing = 0;
		};
/* End PBXResourcesBuildPhase section */

/* Begin PBXShellScriptBuildPhase section */
		26A597581F931ADC00E42EC5 /* ShellScript */ = {
			isa = PBXShellScriptBuildPhase;
			buildActionMask = 2147483647;
			files = (
			);
			inputPaths = (
				"$(SRCROOT)/Carthage/Build/iOS/Realm.framework",
				"$(SRCROOT)/Carthage/Build/iOS/RealmSwift.framework",
			);
			outputPaths = (
				"$(BUILT_PRODUCTS_DIR)/$(FRAMEWORKS_FOLDER_PATH)/Realm.framework\n",
				"$(BUILT_PRODUCTS_DIR)/$(FRAMEWORKS_FOLDER_PATH)/RealmSwift.framework",
			);
			runOnlyForDeploymentPostprocessing = 0;
			shellPath = /bin/sh;
			shellScript = "/usr/local/bin/carthage copy-frameworks";
		};
/* End PBXShellScriptBuildPhase section */

/* Begin PBXSourcesBuildPhase section */
		26A597381F93183D00E42EC5 /* Sources */ = {
			isa = PBXSourcesBuildPhase;
			buildActionMask = 2147483647;
			files = (
				26A5975A1F931BE700E42EC5 /* Person.swift in Sources */,
				26A597421F93183D00E42EC5 /* ViewController.swift in Sources */,
				26A597401F93183D00E42EC5 /* AppDelegate.swift in Sources */,
			);
			runOnlyForDeploymentPostprocessing = 0;
		};
/* End PBXSourcesBuildPhase section */

/* Begin PBXVariantGroup section */
		26A597431F93183D00E42EC5 /* Main.storyboard */ = {
			isa = PBXVariantGroup;
			children = (
				26A597441F93183D00E42EC5 /* Base */,
			);
			name = Main.storyboard;
			sourceTree = "<group>";
		};
		26A597481F93183D00E42EC5 /* LaunchScreen.storyboard */ = {
			isa = PBXVariantGroup;
			children = (
				26A597491F93183D00E42EC5 /* Base */,
			);
			name = LaunchScreen.storyboard;
			sourceTree = "<group>";
		};
/* End PBXVariantGroup section */

/* Begin XCBuildConfiguration section */
		26A5974C1F93183D00E42EC5 /* Debug */ = {
			isa = XCBuildConfiguration;
			buildSettings = {
				ALWAYS_SEARCH_USER_PATHS = NO;
				CLANG_ANALYZER_NONNULL = YES;
				CLANG_ANALYZER_NUMBER_OBJECT_CONVERSION = YES_AGGRESSIVE;
				CLANG_CXX_LANGUAGE_STANDARD = "gnu++14";
				CLANG_CXX_LIBRARY = "libc++";
				CLANG_ENABLE_MODULES = YES;
				CLANG_ENABLE_OBJC_ARC = YES;
				CLANG_WARN_BLOCK_CAPTURE_AUTORELEASING = YES;
				CLANG_WARN_BOOL_CONVERSION = YES;
				CLANG_WARN_COMMA = YES;
				CLANG_WARN_CONSTANT_CONVERSION = YES;
				CLANG_WARN_DIRECT_OBJC_ISA_USAGE = YES_ERROR;
				CLANG_WARN_DOCUMENTATION_COMMENTS = YES;
				CLANG_WARN_EMPTY_BODY = YES;
				CLANG_WARN_ENUM_CONVERSION = YES;
				CLANG_WARN_INFINITE_RECURSION = YES;
				CLANG_WARN_INT_CONVERSION = YES;
				CLANG_WARN_NON_LITERAL_NULL_CONVERSION = YES;
				CLANG_WARN_OBJC_LITERAL_CONVERSION = YES;
				CLANG_WARN_OBJC_ROOT_CLASS = YES_ERROR;
				CLANG_WARN_RANGE_LOOP_ANALYSIS = YES;
				CLANG_WARN_STRICT_PROTOTYPES = YES;
				CLANG_WARN_SUSPICIOUS_MOVE = YES;
				CLANG_WARN_UNGUARDED_AVAILABILITY = YES_AGGRESSIVE;
				CLANG_WARN_UNREACHABLE_CODE = YES;
				CLANG_WARN__DUPLICATE_METHOD_MATCH = YES;
				CODE_SIGN_IDENTITY = "iPhone Developer";
				COPY_PHASE_STRIP = NO;
				DEBUG_INFORMATION_FORMAT = dwarf;
				ENABLE_STRICT_OBJC_MSGSEND = YES;
				ENABLE_TESTABILITY = YES;
				GCC_C_LANGUAGE_STANDARD = gnu11;
				GCC_DYNAMIC_NO_PIC = NO;
				GCC_NO_COMMON_BLOCKS = YES;
				GCC_OPTIMIZATION_LEVEL = 0;
				GCC_PREPROCESSOR_DEFINITIONS = (
					"DEBUG=1",
					"$(inherited)",
				);
				GCC_WARN_64_TO_32_BIT_CONVERSION = YES;
				GCC_WARN_ABOUT_RETURN_TYPE = YES_ERROR;
				GCC_WARN_UNDECLARED_SELECTOR = YES;
				GCC_WARN_UNINITIALIZED_AUTOS = YES_AGGRESSIVE;
				GCC_WARN_UNUSED_FUNCTION = YES;
				GCC_WARN_UNUSED_VARIABLE = YES;
				IPHONEOS_DEPLOYMENT_TARGET = 11.0;
				MTL_ENABLE_DEBUG_INFO = YES;
				ONLY_ACTIVE_ARCH = YES;
				SDKROOT = iphoneos;
				SWIFT_ACTIVE_COMPILATION_CONDITIONS = DEBUG;
				SWIFT_OPTIMIZATION_LEVEL = "-Onone";
			};
			name = Debug;
		};
		26A5974D1F93183D00E42EC5 /* Release */ = {
			isa = XCBuildConfiguration;
			buildSettings = {
				ALWAYS_SEARCH_USER_PATHS = NO;
				CLANG_ANALYZER_NONNULL = YES;
				CLANG_ANALYZER_NUMBER_OBJECT_CONVERSION = YES_AGGRESSIVE;
				CLANG_CXX_LANGUAGE_STANDARD = "gnu++14";
				CLANG_CXX_LIBRARY = "libc++";
				CLANG_ENABLE_MODULES = YES;
				CLANG_ENABLE_OBJC_ARC = YES;
				CLANG_WARN_BLOCK_CAPTURE_AUTORELEASING = YES;
				CLANG_WARN_BOOL_CONVERSION = YES;
				CLANG_WARN_COMMA = YES;
				CLANG_WARN_CONSTANT_CONVERSION = YES;
				CLANG_WARN_DIRECT_OBJC_ISA_USAGE = YES_ERROR;
				CLANG_WARN_DOCUMENTATION_COMMENTS = YES;
				CLANG_WARN_EMPTY_BODY = YES;
				CLANG_WARN_ENUM_CONVERSION = YES;
				CLANG_WARN_INFINITE_RECURSION = YES;
				CLANG_WARN_INT_CONVERSION = YES;
				CLANG_WARN_NON_LITERAL_NULL_CONVERSION = YES;
				CLANG_WARN_OBJC_LITERAL_CONVERSION = YES;
				CLANG_WARN_OBJC_ROOT_CLASS = YES_ERROR;
				CLANG_WARN_RANGE_LOOP_ANALYSIS = YES;
				CLANG_WARN_STRICT_PROTOTYPES = YES;
				CLANG_WARN_SUSPICIOUS_MOVE = YES;
				CLANG_WARN_UNGUARDED_AVAILABILITY = YES_AGGRESSIVE;
				CLANG_WARN_UNREACHABLE_CODE = YES;
				CLANG_WARN__DUPLICATE_METHOD_MATCH = YES;
				CODE_SIGN_IDENTITY = "iPhone Developer";
				COPY_PHASE_STRIP = NO;
				DEBUG_INFORMATION_FORMAT = "dwarf-with-dsym";
				ENABLE_NS_ASSERTIONS = NO;
				ENABLE_STRICT_OBJC_MSGSEND = YES;
				GCC_C_LANGUAGE_STANDARD = gnu11;
				GCC_NO_COMMON_BLOCKS = YES;
				GCC_WARN_64_TO_32_BIT_CONVERSION = YES;
				GCC_WARN_ABOUT_RETURN_TYPE = YES_ERROR;
				GCC_WARN_UNDECLARED_SELECTOR = YES;
				GCC_WARN_UNINITIALIZED_AUTOS = YES_AGGRESSIVE;
				GCC_WARN_UNUSED_FUNCTION = YES;
				GCC_WARN_UNUSED_VARIABLE = YES;
				IPHONEOS_DEPLOYMENT_TARGET = 11.0;
				MTL_ENABLE_DEBUG_INFO = NO;
				SDKROOT = iphoneos;
				SWIFT_OPTIMIZATION_LEVEL = "-Owholemodule";
				VALIDATE_PRODUCT = YES;
			};
			name = Release;
		};
		26A5974F1F93183D00E42EC5 /* Debug */ = {
			isa = XCBuildConfiguration;
			buildSettings = {
				ASSETCATALOG_COMPILER_APPICON_NAME = AppIcon;
				CODE_SIGN_STYLE = Automatic;
				FRAMEWORK_SEARCH_PATHS = (
					"$(inherited)",
					"$(PROJECT_DIR)/Carthage/Build/iOS",
				);
				INFOPLIST_FILE = RealmExample/Info.plist;
				LD_RUNPATH_SEARCH_PATHS = "$(inherited) @executable_path/Frameworks";
				PRODUCT_BUNDLE_IDENTIFIER = com.tnantoka.RealmExample;
				PRODUCT_NAME = "$(TARGET_NAME)";
				SWIFT_VERSION = 4.0;
				TARGETED_DEVICE_FAMILY = "1,2";
			};
			name = Debug;
		};
		26A597501F93183D00E42EC5 /* Release */ = {
			isa = XCBuildConfiguration;
			buildSettings = {
				ASSETCATALOG_COMPILER_APPICON_NAME = AppIcon;
				CODE_SIGN_STYLE = Automatic;
				FRAMEWORK_SEARCH_PATHS = (
					"$(inherited)",
					"$(PROJECT_DIR)/Carthage/Build/iOS",
				);
				INFOPLIST_FILE = RealmExample/Info.plist;
				LD_RUNPATH_SEARCH_PATHS = "$(inherited) @executable_path/Frameworks";
				PRODUCT_BUNDLE_IDENTIFIER = com.tnantoka.RealmExample;
				PRODUCT_NAME = "$(TARGET_NAME)";
				SWIFT_VERSION = 4.0;
				TARGETED_DEVICE_FAMILY = "1,2";
			};
			name = Release;
		};
/* End XCBuildConfiguration section */

/* Begin XCConfigurationList section */
		26A597371F93183D00E42EC5 /* Build configuration list for PBXProject "RealmExample" */ = {
			isa = XCConfigurationList;
			buildConfigurations = (
				26A5974C1F93183D00E42EC5 /* Debug */,
				26A5974D1F93183D00E42EC5 /* Release */,
			);
			defaultConfigurationIsVisible = 0;
			defaultConfigurationName = Release;
		};
		26A5974E1F93183D00E42EC5 /* Build configuration list for PBXNativeTarget "RealmExample" */ = {
			isa = XCConfigurationList;
			buildConfigurations = (
				26A5974F1F93183D00E42EC5 /* Debug */,
				26A597501F93183D00E42EC5 /* Release */,
			);
			defaultConfigurationIsVisible = 0;
			defaultConfigurationName = Release;
		};
/* End XCConfigurationList section */
	};
	rootObject = 26A597341F93183D00E42EC5 /* Project object */;
}
