// !$*UTF8*$!
{
	archiveVersion = 1;
	classes = {
	};
	objectVersion = 48;
	objects = {

/* Begin PBXBuildFile section */
		263853D01FA82A5C00AB84BC /* AppDelegate.swift in Sources */ = {isa = PBXBuildFile; fileRef = 263853CF1FA82A5C00AB84BC /* AppDelegate.swift */; };
		263853D21FA82A5C00AB84BC /* ViewController.swift in Sources */ = {isa = PBXBuildFile; fileRef = 263853D11FA82A5C00AB84BC /* ViewController.swift */; };
		263853D51FA82A5C00AB84BC /* Main.storyboard in Resources */ = {isa = PBXBuildFile; fileRef = 263853D31FA82A5C00AB84BC /* Main.storyboard */; };
		263853D71FA82A5C00AB84BC /* Assets.xcassets in Resources */ = {isa = PBXBuildFile; fileRef = 263853D61FA82A5C00AB84BC /* Assets.xcassets */; };
		263853DA1FA82A5C00AB84BC /* LaunchScreen.storyboard in Resources */ = {isa = PBXBuildFile; fileRef = 263853D81FA82A5C00AB84BC /* LaunchScreen.storyboard */; };
		263853E31FA82B6900AB84BC /* WebKit.framework in Frameworks */ = {isa = PBXBuildFile; fileRef = 263853E21FA82B6900AB84BC /* WebKit.framework */; };
/* End PBXBuildFile section */

/* Begin PBXFileReference section */
		263853CC1FA82A5C00AB84BC /* BasicWKWeb.app */ = {isa = PBXFileReference; explicitFileType = wrapper.application; includeInIndex = 0; path = BasicWKWeb.app; sourceTree = BUILT_PRODUCTS_DIR; };
		263853CF1FA82A5C00AB84BC /* AppDelegate.swift */ = {isa = PBXFileReference; lastKnownFileType = sourcecode.swift; path = AppDelegate.swift; sourceTree = "<group>"; };
		263853D11FA82A5C00AB84BC /* ViewController.swift */ = {isa = PBXFileReference; lastKnownFileType = sourcecode.swift; path = ViewController.swift; sourceTree = "<group>"; };
		263853D41FA82A5C00AB84BC /* Base */ = {isa = PBXFileReference; lastKnownFileType = file.storyboard; name = Base; path = Base.lproj/Main.storyboard; sourceTree = "<group>"; };
		263853D61FA82A5C00AB84BC /* Assets.xcassets */ = {isa = PBXFileReference; lastKnownFileType = folder.assetcatalog; path = Assets.xcassets; sourceTree = "<group>"; };
		263853D91FA82A5C00AB84BC /* Base */ = {isa = PBXFileReference; lastKnownFileType = file.storyboard; name = Base; path = Base.lproj/LaunchScreen.storyboard; sourceTree = "<group>"; };
		263853DB1FA82A5C00AB84BC /* Info.plist */ = {isa = PBXFileReference; lastKnownFileType = text.plist.xml; path = Info.plist; sourceTree = "<group>"; };
		263853E21FA82B6900AB84BC /* WebKit.framework */ = {isa = PBXFileReference; lastKnownFileType = wrapper.framework; name = WebKit.framework; path = System/Library/Frameworks/WebKit.framework; sourceTree = SDKROOT; };
/* End PBXFileReference section */

/* Begin PBXFrameworksBuildPhase section */
		263853C91FA82A5C00AB84BC /* Frameworks */ = {
			isa = PBXFrameworksBuildPhase;
			buildActionMask = 2147483647;
			files = (
				263853E31FA82B6900AB84BC /* WebKit.framework in Frameworks */,
			);
			runOnlyForDeploymentPostprocessing = 0;
		};
/* End PBXFrameworksBuildPhase section */

/* Begin PBXGroup section */
		263853C31FA82A5C00AB84BC = {
			isa = PBXGroup;
			children = (
				263853CE1FA82A5C00AB84BC /* BasicWKWeb */,
				263853CD1FA82A5C00AB84BC /* Products */,
				263853E11FA82B6800AB84BC /* Frameworks */,
			);
			sourceTree = "<group>";
		};
		263853CD1FA82A5C00AB84BC /* Products */ = {
			isa = PBXGroup;
			children = (
				263853CC1FA82A5C00AB84BC /* BasicWKWeb.app */,
			);
			name = Products;
			sourceTree = "<group>";
		};
		263853CE1FA82A5C00AB84BC /* BasicWKWeb */ = {
			isa = PBXGroup;
			children = (
				263853CF1FA82A5C00AB84BC /* AppDelegate.swift */,
				263853D11FA82A5C00AB84BC /* ViewController.swift */,
				263853D31FA82A5C00AB84BC /* Main.storyboard */,
				263853D61FA82A5C00AB84BC /* Assets.xcassets */,
				263853D81FA82A5C00AB84BC /* LaunchScreen.storyboard */,
				263853DB1FA82A5C00AB84BC /* Info.plist */,
			);
			path = BasicWKWeb;
			sourceTree = "<group>";
		};
		263853E11FA82B6800AB84BC /* Frameworks */ = {
			isa = PBXGroup;
			children = (
				263853E21FA82B6900AB84BC /* WebKit.framework */,
			);
			name = Frameworks;
			sourceTree = "<group>";
		};
/* End PBXGroup section */

/* Begin PBXNativeTarget section */
		263853CB1FA82A5C00AB84BC /* BasicWKWeb */ = {
			isa = PBXNativeTarget;
			buildConfigurationList = 263853DE1FA82A5C00AB84BC /* Build configuration list for PBXNativeTarget "BasicWKWeb" */;
			buildPhases = (
				263853C81FA82A5C00AB84BC /* Sources */,
				263853C91FA82A5C00AB84BC /* Frameworks */,
				263853CA1FA82A5C00AB84BC /* Resources */,
			);
			buildRules = (
			);
			dependencies = (
			);
			name = BasicWKWeb;
			productName = BasicWKWeb;
			productReference = 263853CC1FA82A5C00AB84BC /* BasicWKWeb.app */;
			productType = "com.apple.product-type.application";
		};
/* End PBXNativeTarget section */

/* Begin PBXProject section */
		263853C41FA82A5C00AB84BC /* Project object */ = {
			isa = PBXProject;
			attributes = {
				LastSwiftUpdateCheck = 0900;
				LastUpgradeCheck = 0900;
				ORGANIZATIONNAME = tnantoka;
				TargetAttributes = {
					263853CB1FA82A5C00AB84BC = {
						CreatedOnToolsVersion = 9.0;
						ProvisioningStyle = Automatic;
					};
				};
			};
			buildConfigurationList = 263853C71FA82A5C00AB84BC /* Build configuration list for PBXProject "BasicWKWeb" */;
			compatibilityVersion = "Xcode 8.0";
			developmentRegion = en;
			hasScannedForEncodings = 0;
			knownRegions = (
				en,
				Base,
			);
			mainGroup = 263853C31FA82A5C00AB84BC;
			productRefGroup = 263853CD1FA82A5C00AB84BC /* Products */;
			projectDirPath = "";
			projectRoot = "";
			targets = (
				263853CB1FA82A5C00AB84BC /* BasicWKWeb */,
			);
		};
/* End PBXProject section */

/* Begin PBXResourcesBuildPhase section */
		263853CA1FA82A5C00AB84BC /* Resources */ = {
			isa = PBXResourcesBuildPhase;
			buildActionMask = 2147483647;
			files = (
				263853DA1FA82A5C00AB84BC /* LaunchScreen.storyboard in Resources */,
				263853D71FA82A5C00AB84BC /* Assets.xcassets in Resources */,
				263853D51FA82A5C00AB84BC /* Main.storyboard in Resources */,
			);
			runOnlyForDeploymentPostprocessing = 0;
		};
/* End PBXResourcesBuildPhase section */

/* Begin PBXSourcesBuildPhase section */
		263853C81FA82A5C00AB84BC /* Sources */ = {
			isa = PBXSourcesBuildPhase;
			buildActionMask = 2147483647;
			files = (
				263853D21FA82A5C00AB84BC /* ViewController.swift in Sources */,
				263853D01FA82A5C00AB84BC /* AppDelegate.swift in Sources */,
			);
			runOnlyForDeploymentPostprocessing = 0;
		};
/* End PBXSourcesBuildPhase section */

/* Begin PBXVariantGroup section */
		263853D31FA82A5C00AB84BC /* Main.storyboard */ = {
			isa = PBXVariantGroup;
			children = (
				263853D41FA82A5C00AB84BC /* Base */,
			);
			name = Main.storyboard;
			sourceTree = "<group>";
		};
		263853D81FA82A5C00AB84BC /* LaunchScreen.storyboard */ = {
			isa = PBXVariantGroup;
			children = (
				263853D91FA82A5C00AB84BC /* Base */,
			);
			name = LaunchScreen.storyboard;
			sourceTree = "<group>";
		};
/* End PBXVariantGroup section */

/* Begin XCBuildConfiguration section */
		263853DC1FA82A5C00AB84BC /* Debug */ = {
			isa = XCBuildConfiguration;
			buildSettings = {
				ALWAYS_SEARCH_USER_PATHS = NO;
				CLANG_ANALYZER_NONNULL = YES;
				CLANG_ANALYZER_NUMBER_OBJECT_CONVERSION = YES_AGGRESSIVE;
				CLANG_CXX_LANGUAGE_STANDARD = "gnu++14";
				CLANG_CXX_LIBRARY = "libc++";
				CLANG_ENABLE_MODULES = YES;
				CLANG_ENABLE_OBJC_ARC = YES;
				CLANG_WARN_BLOCK_CAPTURE_AUTORELEASING = YES;
				CLANG_WARN_BOOL_CONVERSION = YES;
				CLANG_WARN_COMMA = YES;
				CLANG_WARN_CONSTANT_CONVERSION = YES;
				CLANG_WARN_DIRECT_OBJC_ISA_USAGE = YES_ERROR;
				CLANG_WARN_DOCUMENTATION_COMMENTS = YES;
				CLANG_WARN_EMPTY_BODY = YES;
				CLANG_WARN_ENUM_CONVERSION = YES;
				CLANG_WARN_INFINITE_RECURSION = YES;
				CLANG_WARN_INT_CONVERSION = YES;
				CLANG_WARN_NON_LITERAL_NULL_CONVERSION = YES;
				CLANG_WARN_OBJC_LITERAL_CONVERSION = YES;
				CLANG_WARN_OBJC_ROOT_CLASS = YES_ERROR;
				CLANG_WARN_RANGE_LOOP_ANALYSIS = YES;
				CLANG_WARN_STRICT_PROTOTYPES = YES;
				CLANG_WARN_SUSPICIOUS_MOVE = YES;
				CLANG_WARN_UNGUARDED_AVAILABILITY = YES_AGGRESSIVE;
				CLANG_WARN_UNREACHABLE_CODE = YES;
				CLANG_WARN__DUPLICATE_METHOD_MATCH = YES;
				CODE_SIGN_IDENTITY = "iPhone Developer";
				COPY_PHASE_STRIP = NO;
				DEBUG_INFORMATION_FORMAT = dwarf;
				ENABLE_STRICT_OBJC_MSGSEND = YES;
				ENABLE_TESTABILITY = YES;
				GCC_C_LANGUAGE_STANDARD = gnu11;
				GCC_DYNAMIC_NO_PIC = NO;
				GCC_NO_COMMON_BLOCKS = YES;
				GCC_OPTIMIZATION_LEVEL = 0;
				GCC_PREPROCESSOR_DEFINITIONS = (
					"DEBUG=1",
					"$(inherited)",
				);
				GCC_WARN_64_TO_32_BIT_CONVERSION = YES;
				GCC_WARN_ABOUT_RETURN_TYPE = YES_ERROR;
				GCC_WARN_UNDECLARED_SELECTOR = YES;
				GCC_WARN_UNINITIALIZED_AUTOS = YES_AGGRESSIVE;
				GCC_WARN_UNUSED_FUNCTION = YES;
				GCC_WARN_UNUSED_VARIABLE = YES;
				IPHONEOS_DEPLOYMENT_TARGET = 11.0;
				MTL_ENABLE_DEBUG_INFO = YES;
				ONLY_ACTIVE_ARCH = YES;
				SDKROOT = iphoneos;
				SWIFT_ACTIVE_COMPILATION_CONDITIONS = DEBUG;
				SWIFT_OPTIMIZATION_LEVEL = "-Onone";
			};
			name = Debug;
		};
		263853DD1FA82A5C00AB84BC /* Release */ = {
			isa = XCBuildConfiguration;
			buildSettings = {
				ALWAYS_SEARCH_USER_PATHS = NO;
				CLANG_ANALYZER_NONNULL = YES;
				CLANG_ANALYZER_NUMBER_OBJECT_CONVERSION = YES_AGGRESSIVE;
				CLANG_CXX_LANGUAGE_STANDARD = "gnu++14";
				CLANG_CXX_LIBRARY = "libc++";
				CLANG_ENABLE_MODULES = YES;
				CLANG_ENABLE_OBJC_ARC = YES;
				CLANG_WARN_BLOCK_CAPTURE_AUTORELEASING = YES;
				CLANG_WARN_BOOL_CONVERSION = YES;
				CLANG_WARN_COMMA = YES;
				CLANG_WARN_CONSTANT_CONVERSION = YES;
				CLANG_WARN_DIRECT_OBJC_ISA_USAGE = YES_ERROR;
				CLANG_WARN_DOCUMENTATION_COMMENTS = YES;
				CLANG_WARN_EMPTY_BODY = YES;
				CLANG_WARN_ENUM_CONVERSION = YES;
				CLANG_WARN_INFINITE_RECURSION = YES;
				CLANG_WARN_INT_CONVERSION = YES;
				CLANG_WARN_NON_LITERAL_NULL_CONVERSION = YES;
				CLANG_WARN_OBJC_LITERAL_CONVERSION = YES;
				CLANG_WARN_OBJC_ROOT_CLASS = YES_ERROR;
				CLANG_WARN_RANGE_LOOP_ANALYSIS = YES;
				CLANG_WARN_STRICT_PROTOTYPES = YES;
				CLANG_WARN_SUSPICIOUS_MOVE = YES;
				CLANG_WARN_UNGUARDED_AVAILABILITY = YES_AGGRESSIVE;
				CLANG_WARN_UNREACHABLE_CODE = YES;
				CLANG_WARN__DUPLICATE_METHOD_MATCH = YES;
				CODE_SIGN_IDENTITY = "iPhone Developer";
				COPY_PHASE_STRIP = NO;
				DEBUG_INFORMATION_FORMAT = "dwarf-with-dsym";
				ENABLE_NS_ASSERTIONS = NO;
				ENABLE_STRICT_OBJC_MSGSEND = YES;
				GCC_C_LANGUAGE_STANDARD = gnu11;
				GCC_NO_COMMON_BLOCKS = YES;
				GCC_WARN_64_TO_32_BIT_CONVERSION = YES;
				GCC_WARN_ABOUT_RETURN_TYPE = YES_ERROR;
				GCC_WARN_UNDECLARED_SELECTOR = YES;
				GCC_WARN_UNINITIALIZED_AUTOS = YES_AGGRESSIVE;
				GCC_WARN_UNUSED_FUNCTION = YES;
				GCC_WARN_UNUSED_VARIABLE = YES;
				IPHONEOS_DEPLOYMENT_TARGET = 11.0;
				MTL_ENABLE_DEBUG_INFO = NO;
				SDKROOT = iphoneos;
				SWIFT_OPTIMIZATION_LEVEL = "-Owholemodule";
				VALIDATE_PRODUCT = YES;
			};
			name = Release;
		};
		263853DF1FA82A5C00AB84BC /* Debug */ = {
			isa = XCBuildConfiguration;
			buildSettings = {
				ASSETCATALOG_COMPILER_APPICON_NAME = AppIcon;
				CODE_SIGN_STYLE = Automatic;
				INFOPLIST_FILE = BasicWKWeb/Info.plist;
				LD_RUNPATH_SEARCH_PATHS = "$(inherited) @executable_path/Frameworks";
				PRODUCT_BUNDLE_IDENTIFIER = com.tnantoka.BasicWKWeb;
				PRODUCT_NAME = "$(TARGET_NAME)";
				SWIFT_VERSION = 4.0;
				TARGETED_DEVICE_FAMILY = "1,2";
			};
			name = Debug;
		};
		263853E01FA82A5C00AB84BC /* Release */ = {
			isa = XCBuildConfiguration;
			buildSettings = {
				ASSETCATALOG_COMPILER_APPICON_NAME = AppIcon;
				CODE_SIGN_STYLE = Automatic;
				INFOPLIST_FILE = BasicWKWeb/Info.plist;
				LD_RUNPATH_SEARCH_PATHS = "$(inherited) @executable_path/Frameworks";
				PRODUCT_BUNDLE_IDENTIFIER = com.tnantoka.BasicWKWeb;
				PRODUCT_NAME = "$(TARGET_NAME)";
				SWIFT_VERSION = 4.0;
				TARGETED_DEVICE_FAMILY = "1,2";
			};
			name = Release;
		};
/* End XCBuildConfiguration section */

/* Begin XCConfigurationList section */
		263853C71FA82A5C00AB84BC /* Build configuration list for PBXProject "BasicWKWeb" */ = {
			isa = XCConfigurationList;
			buildConfigurations = (
				263853DC1FA82A5C00AB84BC /* Debug */,
				263853DD1FA82A5C00AB84BC /* Release */,
			);
			defaultConfigurationIsVisible = 0;
			defaultConfigurationName = Release;
		};
		263853DE1FA82A5C00AB84BC /* Build configuration list for PBXNativeTarget "BasicWKWeb" */ = {
			isa = XCConfigurationList;
			buildConfigurations = (
				263853DF1FA82A5C00AB84BC /* Debug */,
				263853E01FA82A5C00AB84BC /* Release */,
			);
			defaultConfigurationIsVisible = 0;
			defaultConfigurationName = Release;
		};
/* End XCConfigurationList section */
	};
	rootObject = 263853C41FA82A5C00AB84BC /* Project object */;
}
