// !$*UTF8*$!
{
	archiveVersion = 1;
	classes = {
	};
	objectVersion = 48;
	objects = {

/* Begin PBXBuildFile section */
		2603DAF41F8A54A300FBADF5 /* AppDelegate.swift in Sources */ = {isa = PBXBuildFile; fileRef = 2603DAF31F8A54A300FBADF5 /* AppDelegate.swift */; };
		2603DAF91F8A54A300FBADF5 /* Main.storyboard in Resources */ = {isa = PBXBuildFile; fileRef = 2603DAF71F8A54A300FBADF5 /* Main.storyboard */; };
		2603DAFB1F8A54A300FBADF5 /* Assets.xcassets in Resources */ = {isa = PBXBuildFile; fileRef = 2603DAFA1F8A54A300FBADF5 /* Assets.xcassets */; };
		2603DAFE1F8A54A300FBADF5 /* LaunchScreen.storyboard in Resources */ = {isa = PBXBuildFile; fileRef = 2603DAFC1F8A54A300FBADF5 /* LaunchScreen.storyboard */; };
		2603DB081F8A5BAF00FBADF5 /* TableViewController.swift in Sources */ = {isa = PBXBuildFile; fileRef = 2603DB071F8A5BAF00FBADF5 /* TableViewController.swift */; };
/* End PBXBuildFile section */

/* Begin PBXFileReference section */
		2603DAF01F8A54A300FBADF5 /* GetAPI.app */ = {isa = PBXFileReference; explicitFileType = wrapper.application; includeInIndex = 0; path = GetAPI.app; sourceTree = BUILT_PRODUCTS_DIR; };
		2603DAF31F8A54A300FBADF5 /* AppDelegate.swift */ = {isa = PBXFileReference; lastKnownFileType = sourcecode.swift; path = AppDelegate.swift; sourceTree = "<group>"; };
		2603DAF81F8A54A300FBADF5 /* Base */ = {isa = PBXFileReference; lastKnownFileType = file.storyboard; name = Base; path = Base.lproj/Main.storyboard; sourceTree = "<group>"; };
		2603DAFA1F8A54A300FBADF5 /* Assets.xcassets */ = {isa = PBXFileReference; lastKnownFileType = folder.assetcatalog; path = Assets.xcassets; sourceTree = "<group>"; };
		2603DAFD1F8A54A300FBADF5 /* Base */ = {isa = PBXFileReference; lastKnownFileType = file.storyboard; name = Base; path = Base.lproj/LaunchScreen.storyboard; sourceTree = "<group>"; };
		2603DAFF1F8A54A300FBADF5 /* Info.plist */ = {isa = PBXFileReference; lastKnownFileType = text.plist.xml; path = Info.plist; sourceTree = "<group>"; };
		2603DB071F8A5BAF00FBADF5 /* TableViewController.swift */ = {isa = PBXFileReference; lastKnownFileType = sourcecode.swift; path = TableViewController.swift; sourceTree = "<group>"; };
/* End PBXFileReference section */

/* Begin PBXFrameworksBuildPhase section */
		2603DAED1F8A54A300FBADF5 /* Frameworks */ = {
			isa = PBXFrameworksBuildPhase;
			buildActionMask = 2147483647;
			files = (
			);
			runOnlyForDeploymentPostprocessing = 0;
		};
/* End PBXFrameworksBuildPhase section */

/* Begin PBXGroup section */
		2603DAE71F8A54A300FBADF5 = {
			isa = PBXGroup;
			children = (
				2603DAF21F8A54A300FBADF5 /* GetAPI */,
				2603DAF11F8A54A300FBADF5 /* Products */,
			);
			sourceTree = "<group>";
		};
		2603DAF11F8A54A300FBADF5 /* Products */ = {
			isa = PBXGroup;
			children = (
				2603DAF01F8A54A300FBADF5 /* GetAPI.app */,
			);
			name = Products;
			sourceTree = "<group>";
		};
		2603DAF21F8A54A300FBADF5 /* GetAPI */ = {
			isa = PBXGroup;
			children = (
				2603DAF31F8A54A300FBADF5 /* AppDelegate.swift */,
				2603DAF71F8A54A300FBADF5 /* Main.storyboard */,
				2603DAFA1F8A54A300FBADF5 /* Assets.xcassets */,
				2603DAFC1F8A54A300FBADF5 /* LaunchScreen.storyboard */,
				2603DAFF1F8A54A300FBADF5 /* Info.plist */,
				2603DB071F8A5BAF00FBADF5 /* TableViewController.swift */,
			);
			path = GetAPI;
			sourceTree = "<group>";
		};
/* End PBXGroup section */

/* Begin PBXNativeTarget section */
		2603DAEF1F8A54A300FBADF5 /* GetAPI */ = {
			isa = PBXNativeTarget;
			buildConfigurationList = 2603DB021F8A54A300FBADF5 /* Build configuration list for PBXNativeTarget "GetAPI" */;
			buildPhases = (
				2603DAEC1F8A54A300FBADF5 /* Sources */,
				2603DAED1F8A54A300FBADF5 /* Frameworks */,
				2603DAEE1F8A54A300FBADF5 /* Resources */,
			);
			buildRules = (
			);
			dependencies = (
			);
			name = GetAPI;
			productName = GetAPI;
			productReference = 2603DAF01F8A54A300FBADF5 /* GetAPI.app */;
			productType = "com.apple.product-type.application";
		};
/* End PBXNativeTarget section */

/* Begin PBXProject section */
		2603DAE81F8A54A300FBADF5 /* Project object */ = {
			isa = PBXProject;
			attributes = {
				LastSwiftUpdateCheck = 0900;
				LastUpgradeCheck = 0900;
				ORGANIZATIONNAME = tnantoka;
				TargetAttributes = {
					2603DAEF1F8A54A300FBADF5 = {
						CreatedOnToolsVersion = 9.0;
						ProvisioningStyle = Automatic;
					};
				};
			};
			buildConfigurationList = 2603DAEB1F8A54A300FBADF5 /* Build configuration list for PBXProject "GetAPI" */;
			compatibilityVersion = "Xcode 8.0";
			developmentRegion = en;
			hasScannedForEncodings = 0;
			knownRegions = (
				en,
				Base,
			);
			mainGroup = 2603DAE71F8A54A300FBADF5;
			productRefGroup = 2603DAF11F8A54A300FBADF5 /* Products */;
			projectDirPath = "";
			projectRoot = "";
			targets = (
				2603DAEF1F8A54A300FBADF5 /* GetAPI */,
			);
		};
/* End PBXProject section */

/* Begin PBXResourcesBuildPhase section */
		2603DAEE1F8A54A300FBADF5 /* Resources */ = {
			isa = PBXResourcesBuildPhase;
			buildActionMask = 2147483647;
			files = (
				2603DAFE1F8A54A300FBADF5 /* LaunchScreen.storyboard in Resources */,
				2603DAFB1F8A54A300FBADF5 /* Assets.xcassets in Resources */,
				2603DAF91F8A54A300FBADF5 /* Main.storyboard in Resources */,
			);
			runOnlyForDeploymentPostprocessing = 0;
		};
/* End PBXResourcesBuildPhase section */

/* Begin PBXSourcesBuildPhase section */
		2603DAEC1F8A54A300FBADF5 /* Sources */ = {
			isa = PBXSourcesBuildPhase;
			buildActionMask = 2147483647;
			files = (
				2603DB081F8A5BAF00FBADF5 /* TableViewController.swift in Sources */,
				2603DAF41F8A54A300FBADF5 /* AppDelegate.swift in Sources */,
			);
			runOnlyForDeploymentPostprocessing = 0;
		};
/* End PBXSourcesBuildPhase section */

/* Begin PBXVariantGroup section */
		2603DAF71F8A54A300FBADF5 /* Main.storyboard */ = {
			isa = PBXVariantGroup;
			children = (
				2603DAF81F8A54A300FBADF5 /* Base */,
			);
			name = Main.storyboard;
			sourceTree = "<group>";
		};
		2603DAFC1F8A54A300FBADF5 /* LaunchScreen.storyboard */ = {
			isa = PBXVariantGroup;
			children = (
				2603DAFD1F8A54A300FBADF5 /* Base */,
			);
			name = LaunchScreen.storyboard;
			sourceTree = "<group>";
		};
/* End PBXVariantGroup section */

/* Begin XCBuildConfiguration section */
		2603DB001F8A54A300FBADF5 /* Debug */ = {
			isa = XCBuildConfiguration;
			buildSettings = {
				ALWAYS_SEARCH_USER_PATHS = NO;
				CLANG_ANALYZER_NONNULL = YES;
				CLANG_ANALYZER_NUMBER_OBJECT_CONVERSION = YES_AGGRESSIVE;
				CLANG_CXX_LANGUAGE_STANDARD = "gnu++14";
				CLANG_CXX_LIBRARY = "libc++";
				CLANG_ENABLE_MODULES = YES;
				CLANG_ENABLE_OBJC_ARC = YES;
				CLANG_WARN_BLOCK_CAPTURE_AUTORELEASING = YES;
				CLANG_WARN_BOOL_CONVERSION = YES;
				CLANG_WARN_COMMA = YES;
				CLANG_WARN_CONSTANT_CONVERSION = YES;
				CLANG_WARN_DIRECT_OBJC_ISA_USAGE = YES_ERROR;
				CLANG_WARN_DOCUMENTATION_COMMENTS = YES;
				CLANG_WARN_EMPTY_BODY = YES;
				CLANG_WARN_ENUM_CONVERSION = YES;
				CLANG_WARN_INFINITE_RECURSION = YES;
				CLANG_WARN_INT_CONVERSION = YES;
				CLANG_WARN_NON_LITERAL_NULL_CONVERSION = YES;
				CLANG_WARN_OBJC_LITERAL_CONVERSION = YES;
				CLANG_WARN_OBJC_ROOT_CLASS = YES_ERROR;
				CLANG_WARN_RANGE_LOOP_ANALYSIS = YES;
				CLANG_WARN_STRICT_PROTOTYPES = YES;
				CLANG_WARN_SUSPICIOUS_MOVE = YES;
				CLANG_WARN_UNGUARDED_AVAILABILITY = YES_AGGRESSIVE;
				CLANG_WARN_UNREACHABLE_CODE = YES;
				CLANG_WARN__DUPLICATE_METHOD_MATCH = YES;
				CODE_SIGN_IDENTITY = "iPhone Developer";
				COPY_PHASE_STRIP = NO;
				DEBUG_INFORMATION_FORMAT = dwarf;
				ENABLE_STRICT_OBJC_MSGSEND = YES;
				ENABLE_TESTABILITY = YES;
				GCC_C_LANGUAGE_STANDARD = gnu11;
				GCC_DYNAMIC_NO_PIC = NO;
				GCC_NO_COMMON_BLOCKS = YES;
				GCC_OPTIMIZATION_LEVEL = 0;
				GCC_PREPROCESSOR_DEFINITIONS = (
					"DEBUG=1",
					"$(inherited)",
				);
				GCC_WARN_64_TO_32_BIT_CONVERSION = YES;
				GCC_WARN_ABOUT_RETURN_TYPE = YES_ERROR;
				GCC_WARN_UNDECLARED_SELECTOR = YES;
				GCC_WARN_UNINITIALIZED_AUTOS = YES_AGGRESSIVE;
				GCC_WARN_UNUSED_FUNCTION = YES;
				GCC_WARN_UNUSED_VARIABLE = YES;
				IPHONEOS_DEPLOYMENT_TARGET = 11.0;
				MTL_ENABLE_DEBUG_INFO = YES;
				ONLY_ACTIVE_ARCH = YES;
				SDKROOT = iphoneos;
				SWIFT_ACTIVE_COMPILATION_CONDITIONS = DEBUG;
				SWIFT_OPTIMIZATION_LEVEL = "-Onone";
			};
			name = Debug;
		};
		2603DB011F8A54A300FBADF5 /* Release */ = {
			isa = XCBuildConfiguration;
			buildSettings = {
				ALWAYS_SEARCH_USER_PATHS = NO;
				CLANG_ANALYZER_NONNULL = YES;
				CLANG_ANALYZER_NUMBER_OBJECT_CONVERSION = YES_AGGRESSIVE;
				CLANG_CXX_LANGUAGE_STANDARD = "gnu++14";
				CLANG_CXX_LIBRARY = "libc++";
				CLANG_ENABLE_MODULES = YES;
				CLANG_ENABLE_OBJC_ARC = YES;
				CLANG_WARN_BLOCK_CAPTURE_AUTORELEASING = YES;
				CLANG_WARN_BOOL_CONVERSION = YES;
				CLANG_WARN_COMMA = YES;
				CLANG_WARN_CONSTANT_CONVERSION = YES;
				CLANG_WARN_DIRECT_OBJC_ISA_USAGE = YES_ERROR;
				CLANG_WARN_DOCUMENTATION_COMMENTS = YES;
				CLANG_WARN_EMPTY_BODY = YES;
				CLANG_WARN_ENUM_CONVERSION = YES;
				CLANG_WARN_INFINITE_RECURSION = YES;
				CLANG_WARN_INT_CONVERSION = YES;
				CLANG_WARN_NON_LITERAL_NULL_CONVERSION = YES;
				CLANG_WARN_OBJC_LITERAL_CONVERSION = YES;
				CLANG_WARN_OBJC_ROOT_CLASS = YES_ERROR;
				CLANG_WARN_RANGE_LOOP_ANALYSIS = YES;
				CLANG_WARN_STRICT_PROTOTYPES = YES;
				CLANG_WARN_SUSPICIOUS_MOVE = YES;
				CLANG_WARN_UNGUARDED_AVAILABILITY = YES_AGGRESSIVE;
				CLANG_WARN_UNREACHABLE_CODE = YES;
				CLANG_WARN__DUPLICATE_METHOD_MATCH = YES;
				CODE_SIGN_IDENTITY = "iPhone Developer";
				COPY_PHASE_STRIP = NO;
				DEBUG_INFORMATION_FORMAT = "dwarf-with-dsym";
				ENABLE_NS_ASSERTIONS = NO;
				ENABLE_STRICT_OBJC_MSGSEND = YES;
				GCC_C_LANGUAGE_STANDARD = gnu11;
				GCC_NO_COMMON_BLOCKS = YES;
				GCC_WARN_64_TO_32_BIT_CONVERSION = YES;
				GCC_WARN_ABOUT_RETURN_TYPE = YES_ERROR;
				GCC_WARN_UNDECLARED_SELECTOR = YES;
				GCC_WARN_UNINITIALIZED_AUTOS = YES_AGGRESSIVE;
				GCC_WARN_UNUSED_FUNCTION = YES;
				GCC_WARN_UNUSED_VARIABLE = YES;
				IPHONEOS_DEPLOYMENT_TARGET = 11.0;
				MTL_ENABLE_DEBUG_INFO = NO;
				SDKROOT = iphoneos;
				SWIFT_OPTIMIZATION_LEVEL = "-Owholemodule";
				VALIDATE_PRODUCT = YES;
			};
			name = Release;
		};
		2603DB031F8A54A300FBADF5 /* Debug */ = {
			isa = XCBuildConfiguration;
			buildSettings = {
				ASSETCATALOG_COMPILER_APPICON_NAME = AppIcon;
				CODE_SIGN_STYLE = Automatic;
				INFOPLIST_FILE = GetAPI/Info.plist;
				LD_RUNPATH_SEARCH_PATHS = "$(inherited) @executable_path/Frameworks";
				PRODUCT_BUNDLE_IDENTIFIER = com.tnantoka.GetAPI;
				PRODUCT_NAME = "$(TARGET_NAME)";
				SWIFT_VERSION = 4.0;
				TARGETED_DEVICE_FAMILY = "1,2";
			};
			name = Debug;
		};
		2603DB041F8A54A300FBADF5 /* Release */ = {
			isa = XCBuildConfiguration;
			buildSettings = {
				ASSETCATALOG_COMPILER_APPICON_NAME = AppIcon;
				CODE_SIGN_STYLE = Automatic;
				INFOPLIST_FILE = GetAPI/Info.plist;
				LD_RUNPATH_SEARCH_PATHS = "$(inherited) @executable_path/Frameworks";
				PRODUCT_BUNDLE_IDENTIFIER = com.tnantoka.GetAPI;
				PRODUCT_NAME = "$(TARGET_NAME)";
				SWIFT_VERSION = 4.0;
				TARGETED_DEVICE_FAMILY = "1,2";
			};
			name = Release;
		};
/* End XCBuildConfiguration section */

/* Begin XCConfigurationList section */
		2603DAEB1F8A54A300FBADF5 /* Build configuration list for PBXProject "GetAPI" */ = {
			isa = XCConfigurationList;
			buildConfigurations = (
				2603DB001F8A54A300FBADF5 /* Debug */,
				2603DB011F8A54A300FBADF5 /* Release */,
			);
			defaultConfigurationIsVisible = 0;
			defaultConfigurationName = Release;
		};
		2603DB021F8A54A300FBADF5 /* Build configuration list for PBXNativeTarget "GetAPI" */ = {
			isa = XCConfigurationList;
			buildConfigurations = (
				2603DB031F8A54A300FBADF5 /* Debug */,
				2603DB041F8A54A300FBADF5 /* Release */,
			);
			defaultConfigurationIsVisible = 0;
			defaultConfigurationName = Release;
		};
/* End XCConfigurationList section */
	};
	rootObject = 2603DAE81F8A54A300FBADF5 /* Project object */;
}
